
Microsoft Visual Studio Solution File, Format Version 12.00
# Visual Studio Version 16
VisualStudioVersion = 16.0.32901.82
MinimumVisualStudioVersion = 10.0.40219.1
Project("{8BC9CEB8-8B4A-11D0-8D11-00A0C91BC942}") = "C++Tests", "C++Tests\C++Tests.vcxproj", "{D32FB2D1-345C-48BE-915E-CDCDBDBD53E6}"
EndProject
Global
	GlobalSection(SolutionConfigurationPlatforms) = preSolution
		Debug|x64 = Debug|x64
		Debug|x86 = Debug|x86
		Release|x64 = Release|x64
		Release|x86 = Release|x86
	EndGlobalSection
	GlobalSection(ProjectConfigurationPlatforms) = postSolution
		{D32FB2D1-345C-48BE-915E-CDCDBDBD53E6}.Debug|x64.ActiveCfg = Debug|x64
		{D32FB2D1-345C-48BE-915E-CDCDBDBD53E6}.Debug|x64.Build.0 = Debug|x64
		{D32FB2D1-345C-48BE-915E-CDCDBDBD53E6}.Debug|x86.ActiveCfg = Debug|Win32
		{D32FB2D1-345C-48BE-915E-CDCDBDBD53E6}.Debug|x86.Build.0 = Debug|Win32
		{D32FB2D1-345C-48BE-915E-CDCDBDBD53E6}.Release|x64.ActiveCfg = Release|x64
		{D32FB2D1-345C-48BE-915E-CDCDBDBD53E6}.Release|x64.Build.0 = Release|x64
		{D32FB2D1-345C-48BE-915E-CDCDBDBD53E6}.Release|x86.ActiveCfg = Release|Win32
		{D32FB2D1-345C-48BE-915E-CDCDBDBD53E6}.Release|x86.Build.0 = Release|Win32
	EndGlobalSection
	GlobalSection(SolutionProperties) = preSolution
		HideSolutionNode = FALSE
	EndGlobalSection
	GlobalSection(ExtensibilityGlobals) = postSolution
		SolutionGuid = {47EDD2C7-F32F-4FF2-8062-5AC63BC2CC5B}
	EndGlobalSection
EndGlobal
